{
  "name": "@sbs20/scanserv",
  "version": "0.1.0",
  "dependencies": {
    "body-parser": {
      "version": "1.15.2",
      "from": "body-parser@>=1.15.2 <2.0.0",
      "resolved": "https://registry.npmjs.org/body-parser/-/body-parser-1.15.2.tgz",
      "dependencies": {
        "bytes": {
          "version": "2.4.0",
          "from": "bytes@2.4.0",
          "resolved": "https://registry.npmjs.org/bytes/-/bytes-2.4.0.tgz"
        },
        "content-type": {
          "version": "1.0.2",
          "from": "content-type@>=1.0.2 <1.1.0",
          "resolved": "https://registry.npmjs.org/content-type/-/content-type-1.0.2.tgz"
        },
        "debug": {
          "version": "2.2.0",
          "from": "debug@>=2.2.0 <2.3.0",
          "resolved": "https://registry.npmjs.org/debug/-/debug-2.2.0.tgz",
          "dependencies": {
            "ms": {
              "version": "0.7.1",
              "from": "ms@0.7.1",
              "resolved": "https://registry.npmjs.org/ms/-/ms-0.7.1.tgz"
            }
          }
        },
        "depd": {
          "version": "1.1.0",
          "from": "depd@>=1.1.0 <1.2.0",
          "resolved": "https://registry.npmjs.org/depd/-/depd-1.1.0.tgz"
        },
        "http-errors": {
          "version": "1.5.0",
          "from": "http-errors@>=1.5.0 <1.6.0",
          "resolved": "https://registry.npmjs.org/http-errors/-/http-errors-1.5.0.tgz",
          "dependencies": {
            "inherits": {
              "version": "2.0.1",
              "from": "inherits@2.0.1",
              "resolved": "https://registry.npmjs.org/inherits/-/inherits-2.0.1.tgz"
            },
            "setprototypeof": {
              "version": "1.0.1",
              "from": "setprototypeof@1.0.1",
              "resolved": "https://registry.npmjs.org/setprototypeof/-/setprototypeof-1.0.1.tgz"
            },
            "statuses": {
              "version": "1.3.0",
              "from": "statuses@>=1.3.0 <2.0.0",
              "resolved": "https://registry.npmjs.org/statuses/-/statuses-1.3.0.tgz"
            }
          }
        },
        "iconv-lite": {
          "version": "0.4.13",
          "from": "iconv-lite@0.4.13",
          "resolved": "https://registry.npmjs.org/iconv-lite/-/iconv-lite-0.4.13.tgz"
        },
        "on-finished": {
          "version": "2.3.0",
          "from": "on-finished@>=2.3.0 <2.4.0",
          "resolved": "https://registry.npmjs.org/on-finished/-/on-finished-2.3.0.tgz",
          "dependencies": {
            "ee-first": {
              "version": "1.1.1",
              "from": "ee-first@1.1.1",
              "resolved": "https://registry.npmjs.org/ee-first/-/ee-first-1.1.1.tgz"
            }
          }
        },
        "qs": {
          "version": "6.2.0",
          "from": "qs@6.2.0",
          "resolved": "https://registry.npmjs.org/qs/-/qs-6.2.0.tgz"
        },
        "raw-body": {
          "version": "2.1.7",
          "from": "raw-body@>=2.1.7 <2.2.0",
          "resolved": "https://registry.npmjs.org/raw-body/-/raw-body-2.1.7.tgz",
          "dependencies": {
            "unpipe": {
              "version": "1.0.0",
              "from": "unpipe@1.0.0",
              "resolved": "https://registry.npmjs.org/unpipe/-/unpipe-1.0.0.tgz"
            }
          }
        },
        "type-is": {
          "version": "1.6.13",
          "from": "type-is@>=1.6.13 <1.7.0",
          "resolved": "https://registry.npmjs.org/type-is/-/type-is-1.6.13.tgz",
          "dependencies": {
            "media-typer": {
              "version": "0.3.0",
              "from": "media-typer@0.3.0",
              "resolved": "https://registry.npmjs.org/media-typer/-/media-typer-0.3.0.tgz"
            },
            "mime-types": {
              "version": "2.1.12",
              "from": "mime-types@>=2.1.11 <2.2.0",
              "resolved": "https://registry.npmjs.org/mime-types/-/mime-types-2.1.12.tgz",
              "dependencies": {
                "mime-db": {
                  "version": "1.24.0",
                  "from": "mime-db@>=1.24.0 <1.25.0",
                  "resolved": "https://registry.npmjs.org/mime-db/-/mime-db-1.24.0.tgz"
                }
              }
            }
          }
        }
      }
    },
    "dateformat": {
      "version": "1.0.12",
      "from": "dateformat@>=1.0.12 <2.0.0",
      "resolved": "https://registry.npmjs.org/dateformat/-/dateformat-1.0.12.tgz",
      "dependencies": {
        "get-stdin": {
          "version": "4.0.1",
          "from": "get-stdin@>=4.0.1 <5.0.0",
          "resolved": "https://registry.npmjs.org/get-stdin/-/get-stdin-4.0.1.tgz"
        },
        "meow": {
          "version": "3.7.0",
          "from": "meow@>=3.3.0 <4.0.0",
          "resolved": "https://registry.npmjs.org/meow/-/meow-3.7.0.tgz",
          "dependencies": {
            "camelcase-keys": {
              "version": "2.1.0",
              "from": "camelcase-keys@>=2.0.0 <3.0.0",
              "resolved": "https://registry.npmjs.org/camelcase-keys/-/camelcase-keys-2.1.0.tgz",
              "dependencies": {
                "camelcase": {
                  "version": "2.1.1",
                  "from": "camelcase@>=2.0.0 <3.0.0",
                  "resolved": "https://registry.npmjs.org/camelcase/-/camelcase-2.1.1.tgz"
                }
              }
            },
            "decamelize": {
              "version": "1.2.0",
              "from": "decamelize@>=1.1.2 <2.0.0",
              "resolved": "https://registry.npmjs.org/decamelize/-/decamelize-1.2.0.tgz"
            },
            "loud-rejection": {
              "version": "1.6.0",
              "from": "loud-rejection@>=1.0.0 <2.0.0",
              "resolved": "https://registry.npmjs.org/loud-rejection/-/loud-rejection-1.6.0.tgz",
              "dependencies": {
                "currently-unhandled": {
                  "version": "0.4.1",
                  "from": "currently-unhandled@>=0.4.1 <0.5.0",
                  "resolved": "https://registry.npmjs.org/currently-unhandled/-/currently-unhandled-0.4.1.tgz",
                  "dependencies": {
                    "array-find-index": {
                      "version": "1.0.2",
                      "from": "array-find-index@>=1.0.1 <2.0.0",
                      "resolved": "https://registry.npmjs.org/array-find-index/-/array-find-index-1.0.2.tgz"
                    }
                  }
                },
                "signal-exit": {
                  "version": "3.0.1",
                  "from": "signal-exit@>=3.0.0 <4.0.0",
                  "resolved": "https://registry.npmjs.org/signal-exit/-/signal-exit-3.0.1.tgz"
                }
              }
            },
            "map-obj": {
              "version": "1.0.1",
              "from": "map-obj@>=1.0.1 <2.0.0",
              "resolved": "https://registry.npmjs.org/map-obj/-/map-obj-1.0.1.tgz"
            },
            "minimist": {
              "version": "1.2.0",
              "from": "minimist@>=1.1.3 <2.0.0",
              "resolved": "https://registry.npmjs.org/minimist/-/minimist-1.2.0.tgz"
            },
            "normalize-package-data": {
              "version": "2.3.5",
              "from": "normalize-package-data@>=2.3.4 <3.0.0",
              "resolved": "https://registry.npmjs.org/normalize-package-data/-/normalize-package-data-2.3.5.tgz",
              "dependencies": {
                "hosted-git-info": {
                  "version": "2.1.5",
                  "from": "hosted-git-info@>=2.1.4 <3.0.0",
                  "resolved": "https://registry.npmjs.org/hosted-git-info/-/hosted-git-info-2.1.5.tgz"
                },
                "is-builtin-module": {
                  "version": "1.0.0",
                  "from": "is-builtin-module@>=1.0.0 <2.0.0",
                  "resolved": "https://registry.npmjs.org/is-builtin-module/-/is-builtin-module-1.0.0.tgz",
                  "dependencies": {
                    "builtin-modules": {
                      "version": "1.1.1",
                      "from": "builtin-modules@>=1.0.0 <2.0.0",
                      "resolved": "https://registry.npmjs.org/builtin-modules/-/builtin-modules-1.1.1.tgz"
                    }
                  }
                },
                "semver": {
                  "version": "5.3.0",
                  "from": "semver@>=2.0.0 <3.0.0||>=3.0.0 <4.0.0||>=4.0.0 <5.0.0||>=5.0.0 <6.0.0",
                  "resolved": "https://registry.npmjs.org/semver/-/semver-5.3.0.tgz"
                },
                "validate-npm-package-license": {
                  "version": "3.0.1",
                  "from": "validate-npm-package-license@>=3.0.1 <4.0.0",
                  "resolved": "https://registry.npmjs.org/validate-npm-package-license/-/validate-npm-package-license-3.0.1.tgz",
                  "dependencies": {
                    "spdx-correct": {
                      "version": "1.0.2",
                      "from": "spdx-correct@>=1.0.0 <1.1.0",
                      "resolved": "https://registry.npmjs.org/spdx-correct/-/spdx-correct-1.0.2.tgz",
                      "dependencies": {
                        "spdx-license-ids": {
                          "version": "1.2.2",
                          "from": "spdx-license-ids@>=1.0.2 <2.0.0",
                          "resolved": "https://registry.npmjs.org/spdx-license-ids/-/spdx-license-ids-1.2.2.tgz"
                        }
                      }
                    },
                    "spdx-expression-parse": {
                      "version": "1.0.4",
                      "from": "spdx-expression-parse@>=1.0.0 <1.1.0",
                      "resolved": "https://registry.npmjs.org/spdx-expression-parse/-/spdx-expression-parse-1.0.4.tgz"
                    }
                  }
                }
              }
            },
            "object-assign": {
              "version": "4.1.0",
              "from": "object-assign@>=4.0.1 <5.0.0",
              "resolved": "https://registry.npmjs.org/object-assign/-/object-assign-4.1.0.tgz"
            },
            "read-pkg-up": {
              "version": "1.0.1",
              "from": "read-pkg-up@>=1.0.1 <2.0.0",
              "resolved": "https://registry.npmjs.org/read-pkg-up/-/read-pkg-up-1.0.1.tgz",
              "dependencies": {
                "find-up": {
                  "version": "1.1.2",
                  "from": "find-up@>=1.0.0 <2.0.0",
                  "resolved": "https://registry.npmjs.org/find-up/-/find-up-1.1.2.tgz",
                  "dependencies": {
                    "path-exists": {
                      "version": "2.1.0",
                      "from": "path-exists@>=2.0.0 <3.0.0",
                      "resolved": "https://registry.npmjs.org/path-exists/-/path-exists-2.1.0.tgz"
                    },
                    "pinkie-promise": {
                      "version": "2.0.1",
                      "from": "pinkie-promise@>=2.0.0 <3.0.0",
                      "resolved": "https://registry.npmjs.org/pinkie-promise/-/pinkie-promise-2.0.1.tgz",
                      "dependencies": {
                        "pinkie": {
                          "version": "2.0.4",
                          "from": "pinkie@>=2.0.0 <3.0.0",
                          "resolved": "https://registry.npmjs.org/pinkie/-/pinkie-2.0.4.tgz"
                        }
                      }
                    }
                  }
                },
                "read-pkg": {
                  "version": "1.1.0",
                  "from": "read-pkg@>=1.0.0 <2.0.0",
                  "resolved": "https://registry.npmjs.org/read-pkg/-/read-pkg-1.1.0.tgz",
                  "dependencies": {
                    "load-json-file": {
                      "version": "1.1.0",
                      "from": "load-json-file@>=1.0.0 <2.0.0",
                      "resolved": "https://registry.npmjs.org/load-json-file/-/load-json-file-1.1.0.tgz",
                      "dependencies": {
                        "graceful-fs": {
                          "version": "4.1.9",
                          "from": "graceful-fs@>=4.1.2 <5.0.0",
                          "resolved": "https://registry.npmjs.org/graceful-fs/-/graceful-fs-4.1.9.tgz"
                        },
                        "parse-json": {
                          "version": "2.2.0",
                          "from": "parse-json@>=2.2.0 <3.0.0",
                          "resolved": "https://registry.npmjs.org/parse-json/-/parse-json-2.2.0.tgz",
                          "dependencies": {
                            "error-ex": {
                              "version": "1.3.0",
                              "from": "error-ex@>=1.2.0 <2.0.0",
                              "resolved": "https://registry.npmjs.org/error-ex/-/error-ex-1.3.0.tgz",
                              "dependencies": {
                                "is-arrayish": {
                                  "version": "0.2.1",
                                  "from": "is-arrayish@>=0.2.1 <0.3.0",
                                  "resolved": "https://registry.npmjs.org/is-arrayish/-/is-arrayish-0.2.1.tgz"
                                }
                              }
                            }
                          }
                        },
                        "pify": {
                          "version": "2.3.0",
                          "from": "pify@>=2.0.0 <3.0.0",
                          "resolved": "https://registry.npmjs.org/pify/-/pify-2.3.0.tgz"
                        },
                        "pinkie-promise": {
                          "version": "2.0.1",
                          "from": "pinkie-promise@>=2.0.0 <3.0.0",
                          "resolved": "https://registry.npmjs.org/pinkie-promise/-/pinkie-promise-2.0.1.tgz",
                          "dependencies": {
                            "pinkie": {
                              "version": "2.0.4",
                              "from": "pinkie@>=2.0.0 <3.0.0",
                              "resolved": "https://registry.npmjs.org/pinkie/-/pinkie-2.0.4.tgz"
                            }
                          }
                        },
                        "strip-bom": {
                          "version": "2.0.0",
                          "from": "strip-bom@>=2.0.0 <3.0.0",
                          "resolved": "https://registry.npmjs.org/strip-bom/-/strip-bom-2.0.0.tgz",
                          "dependencies": {
                            "is-utf8": {
                              "version": "0.2.1",
                              "from": "is-utf8@>=0.2.0 <0.3.0",
                              "resolved": "https://registry.npmjs.org/is-utf8/-/is-utf8-0.2.1.tgz"
                            }
                          }
                        }
                      }
                    },
                    "path-type": {
                      "version": "1.1.0",
                      "from": "path-type@>=1.0.0 <2.0.0",
                      "resolved": "https://registry.npmjs.org/path-type/-/path-type-1.1.0.tgz",
                      "dependencies": {
                        "graceful-fs": {
                          "version": "4.1.9",
                          "from": "graceful-fs@>=4.1.2 <5.0.0",
                          "resolved": "https://registry.npmjs.org/graceful-fs/-/graceful-fs-4.1.9.tgz"
                        },
                        "pify": {
                          "version": "2.3.0",
                          "from": "pify@>=2.0.0 <3.0.0",
                          "resolved": "https://registry.npmjs.org/pify/-/pify-2.3.0.tgz"
                        },
                        "pinkie-promise": {
                          "version": "2.0.1",
                          "from": "pinkie-promise@>=2.0.0 <3.0.0",
                          "resolved": "https://registry.npmjs.org/pinkie-promise/-/pinkie-promise-2.0.1.tgz",
                          "dependencies": {
                            "pinkie": {
                              "version": "2.0.4",
                              "from": "pinkie@>=2.0.0 <3.0.0",
                              "resolved": "https://registry.npmjs.org/pinkie/-/pinkie-2.0.4.tgz"
                            }
                          }
                        }
                      }
                    }
                  }
                }
              }
            },
            "redent": {
              "version": "1.0.0",
              "from": "redent@>=1.0.0 <2.0.0",
              "resolved": "https://registry.npmjs.org/redent/-/redent-1.0.0.tgz",
              "dependencies": {
                "indent-string": {
                  "version": "2.1.0",
                  "from": "indent-string@>=2.1.0 <3.0.0",
                  "resolved": "https://registry.npmjs.org/indent-string/-/indent-string-2.1.0.tgz",
                  "dependencies": {
                    "repeating": {
                      "version": "2.0.1",
                      "from": "repeating@>=2.0.0 <3.0.0",
                      "resolved": "https://registry.npmjs.org/repeating/-/repeating-2.0.1.tgz",
                      "dependencies": {
                        "is-finite": {
                          "version": "1.0.2",
                          "from": "is-finite@>=1.0.0 <2.0.0",
                          "resolved": "https://registry.npmjs.org/is-finite/-/is-finite-1.0.2.tgz",
                          "dependencies": {
                            "number-is-nan": {
                              "version": "1.0.1",
                              "from": "number-is-nan@>=1.0.0 <2.0.0",
                              "resolved": "https://registry.npmjs.org/number-is-nan/-/number-is-nan-1.0.1.tgz"
                            }
                          }
                        }
                      }
                    }
                  }
                },
                "strip-indent": {
                  "version": "1.0.1",
                  "from": "strip-indent@>=1.0.1 <2.0.0",
                  "resolved": "https://registry.npmjs.org/strip-indent/-/strip-indent-1.0.1.tgz"
                }
              }
            },
            "trim-newlines": {
              "version": "1.0.0",
              "from": "trim-newlines@>=1.0.0 <2.0.0",
              "resolved": "https://registry.npmjs.org/trim-newlines/-/trim-newlines-1.0.0.tgz"
            }
          }
        }
      }
    },
    "express": {
      "version": "4.14.0",
      "from": "express@>=4.13.3 <5.0.0",
      "resolved": "https://registry.npmjs.org/express/-/express-4.14.0.tgz",
      "dependencies": {
        "accepts": {
          "version": "1.3.3",
          "from": "accepts@>=1.3.3 <1.4.0",
          "resolved": "https://registry.npmjs.org/accepts/-/accepts-1.3.3.tgz",
          "dependencies": {
            "mime-types": {
              "version": "2.1.12",
              "from": "mime-types@>=2.1.11 <2.2.0",
              "resolved": "https://registry.npmjs.org/mime-types/-/mime-types-2.1.12.tgz",
              "dependencies": {
                "mime-db": {
                  "version": "1.24.0",
                  "from": "mime-db@>=1.24.0 <1.25.0",
                  "resolved": "https://registry.npmjs.org/mime-db/-/mime-db-1.24.0.tgz"
                }
              }
            },
            "negotiator": {
              "version": "0.6.1",
              "from": "negotiator@0.6.1",
              "resolved": "https://registry.npmjs.org/negotiator/-/negotiator-0.6.1.tgz"
            }
          }
        },
        "array-flatten": {
          "version": "1.1.1",
          "from": "array-flatten@1.1.1",
          "resolved": "https://registry.npmjs.org/array-flatten/-/array-flatten-1.1.1.tgz"
        },
        "content-disposition": {
          "version": "0.5.1",
          "from": "content-disposition@0.5.1",
          "resolved": "https://registry.npmjs.org/content-disposition/-/content-disposition-0.5.1.tgz"
        },
        "content-type": {
          "version": "1.0.2",
          "from": "content-type@>=1.0.2 <1.1.0",
          "resolved": "https://registry.npmjs.org/content-type/-/content-type-1.0.2.tgz"
        },
        "cookie": {
          "version": "0.3.1",
          "from": "cookie@0.3.1",
          "resolved": "https://registry.npmjs.org/cookie/-/cookie-0.3.1.tgz"
        },
        "cookie-signature": {
          "version": "1.0.6",
          "from": "cookie-signature@1.0.6",
          "resolved": "https://registry.npmjs.org/cookie-signature/-/cookie-signature-1.0.6.tgz"
        },
        "debug": {
          "version": "2.2.0",
          "from": "debug@>=2.2.0 <2.3.0",
          "resolved": "https://registry.npmjs.org/debug/-/debug-2.2.0.tgz",
          "dependencies": {
            "ms": {
              "version": "0.7.1",
              "from": "ms@0.7.1",
              "resolved": "https://registry.npmjs.org/ms/-/ms-0.7.1.tgz"
            }
          }
        },
        "depd": {
          "version": "1.1.0",
          "from": "depd@>=1.1.0 <1.2.0",
          "resolved": "https://registry.npmjs.org/depd/-/depd-1.1.0.tgz"
        },
        "encodeurl": {
          "version": "1.0.1",
          "from": "encodeurl@>=1.0.1 <1.1.0",
          "resolved": "https://registry.npmjs.org/encodeurl/-/encodeurl-1.0.1.tgz"
        },
        "escape-html": {
          "version": "1.0.3",
          "from": "escape-html@>=1.0.3 <1.1.0",
          "resolved": "https://registry.npmjs.org/escape-html/-/escape-html-1.0.3.tgz"
        },
        "etag": {
          "version": "1.7.0",
          "from": "etag@>=1.7.0 <1.8.0",
          "resolved": "https://registry.npmjs.org/etag/-/etag-1.7.0.tgz"
        },
        "finalhandler": {
          "version": "0.5.0",
          "from": "finalhandler@0.5.0",
          "resolved": "https://registry.npmjs.org/finalhandler/-/finalhandler-0.5.0.tgz",
          "dependencies": {
            "statuses": {
              "version": "1.3.0",
              "from": "statuses@>=1.3.0 <1.4.0",
              "resolved": "https://registry.npmjs.org/statuses/-/statuses-1.3.0.tgz"
            },
            "unpipe": {
              "version": "1.0.0",
              "from": "unpipe@>=1.0.0 <1.1.0",
              "resolved": "https://registry.npmjs.org/unpipe/-/unpipe-1.0.0.tgz"
            }
          }
        },
        "fresh": {
          "version": "0.3.0",
          "from": "fresh@0.3.0",
          "resolved": "https://registry.npmjs.org/fresh/-/fresh-0.3.0.tgz"
        },
        "merge-descriptors": {
          "version": "1.0.1",
          "from": "merge-descriptors@1.0.1",
          "resolved": "https://registry.npmjs.org/merge-descriptors/-/merge-descriptors-1.0.1.tgz"
        },
        "methods": {
          "version": "1.1.2",
          "from": "methods@>=1.1.2 <1.2.0",
          "resolved": "https://registry.npmjs.org/methods/-/methods-1.1.2.tgz"
        },
        "on-finished": {
          "version": "2.3.0",
          "from": "on-finished@>=2.3.0 <2.4.0",
          "resolved": "https://registry.npmjs.org/on-finished/-/on-finished-2.3.0.tgz",
          "dependencies": {
            "ee-first": {
              "version": "1.1.1",
              "from": "ee-first@1.1.1",
              "resolved": "https://registry.npmjs.org/ee-first/-/ee-first-1.1.1.tgz"
            }
          }
        },
        "parseurl": {
          "version": "1.3.1",
          "from": "parseurl@>=1.3.1 <1.4.0",
          "resolved": "https://registry.npmjs.org/parseurl/-/parseurl-1.3.1.tgz"
        },
        "path-to-regexp": {
          "version": "0.1.7",
          "from": "path-to-regexp@0.1.7",
          "resolved": "https://registry.npmjs.org/path-to-regexp/-/path-to-regexp-0.1.7.tgz"
        },
        "proxy-addr": {
          "version": "1.1.2",
          "from": "proxy-addr@>=1.1.2 <1.2.0",
          "resolved": "https://registry.npmjs.org/proxy-addr/-/proxy-addr-1.1.2.tgz",
          "dependencies": {
            "forwarded": {
              "version": "0.1.0",
              "from": "forwarded@>=0.1.0 <0.2.0",
              "resolved": "https://registry.npmjs.org/forwarded/-/forwarded-0.1.0.tgz"
            },
            "ipaddr.js": {
              "version": "1.1.1",
              "from": "ipaddr.js@1.1.1",
              "resolved": "https://registry.npmjs.org/ipaddr.js/-/ipaddr.js-1.1.1.tgz"
            }
          }
        },
        "qs": {
          "version": "6.2.0",
          "from": "qs@6.2.0",
          "resolved": "https://registry.npmjs.org/qs/-/qs-6.2.0.tgz"
        },
        "range-parser": {
          "version": "1.2.0",
          "from": "range-parser@>=1.2.0 <1.3.0",
          "resolved": "https://registry.npmjs.org/range-parser/-/range-parser-1.2.0.tgz"
        },
        "send": {
          "version": "0.14.1",
          "from": "send@0.14.1",
          "resolved": "https://registry.npmjs.org/send/-/send-0.14.1.tgz",
          "dependencies": {
            "destroy": {
              "version": "1.0.4",
              "from": "destroy@>=1.0.4 <1.1.0",
              "resolved": "https://registry.npmjs.org/destroy/-/destroy-1.0.4.tgz"
            },
            "http-errors": {
              "version": "1.5.0",
              "from": "http-errors@>=1.5.0 <1.6.0",
              "resolved": "https://registry.npmjs.org/http-errors/-/http-errors-1.5.0.tgz",
              "dependencies": {
                "inherits": {
                  "version": "2.0.1",
                  "from": "inherits@2.0.1",
                  "resolved": "https://registry.npmjs.org/inherits/-/inherits-2.0.1.tgz"
                },
                "setprototypeof": {
                  "version": "1.0.1",
                  "from": "setprototypeof@1.0.1",
                  "resolved": "https://registry.npmjs.org/setprototypeof/-/setprototypeof-1.0.1.tgz"
                }
              }
            },
            "mime": {
              "version": "1.3.4",
              "from": "mime@1.3.4",
              "resolved": "https://registry.npmjs.org/mime/-/mime-1.3.4.tgz"
            },
            "ms": {
              "version": "0.7.1",
              "from": "ms@0.7.1",
              "resolved": "https://registry.npmjs.org/ms/-/ms-0.7.1.tgz"
            },
            "statuses": {
              "version": "1.3.0",
              "from": "statuses@>=1.3.0 <1.4.0",
              "resolved": "https://registry.npmjs.org/statuses/-/statuses-1.3.0.tgz"
            }
          }
        },
        "serve-static": {
          "version": "1.11.1",
          "from": "serve-static@>=1.11.1 <1.12.0",
          "resolved": "https://registry.npmjs.org/serve-static/-/serve-static-1.11.1.tgz"
        },
        "type-is": {
          "version": "1.6.13",
          "from": "type-is@>=1.6.13 <1.7.0",
          "resolved": "https://registry.npmjs.org/type-is/-/type-is-1.6.13.tgz",
          "dependencies": {
            "media-typer": {
              "version": "0.3.0",
              "from": "media-typer@0.3.0",
              "resolved": "https://registry.npmjs.org/media-typer/-/media-typer-0.3.0.tgz"
            },
            "mime-types": {
              "version": "2.1.12",
              "from": "mime-types@>=2.1.11 <2.2.0",
              "resolved": "https://registry.npmjs.org/mime-types/-/mime-types-2.1.12.tgz",
              "dependencies": {
                "mime-db": {
                  "version": "1.24.0",
                  "from": "mime-db@>=1.24.0 <1.25.0",
                  "resolved": "https://registry.npmjs.org/mime-db/-/mime-db-1.24.0.tgz"
                }
              }
            }
          }
        },
        "utils-merge": {
          "version": "1.0.0",
          "from": "utils-merge@1.0.0",
          "resolved": "https://registry.npmjs.org/utils-merge/-/utils-merge-1.0.0.tgz"
        },
        "vary": {
          "version": "1.1.0",
          "from": "vary@>=1.1.0 <1.2.0",
          "resolved": "https://registry.npmjs.org/vary/-/vary-1.1.0.tgz"
        }
      }
    },
    "kew": {
      "version": "0.7.0",
      "from": "kew@*",
      "resolved": "https://registry.npmjs.org/kew/-/kew-0.7.0.tgz"
    }
  }
}
